// !$*UTF8*$!
{
	archiveVersion = 1;
	classes = {
	};
	objectVersion = 46;
	objects = {

/* Begin PBXBuildFile section */
		F7C3D4201D6CE72400C68F7E /* main.m in Sources */ = {isa = PBXBuildFile; fileRef = F7C3D41F1D6CE72400C68F7E /* main.m */; };
		F7C3D4281D6CE7E300C68F7E /* EspressoMachine.m in Sources */ = {isa = PBXBuildFile; fileRef = F7C3D4271D6CE7E300C68F7E /* EspressoMachine.m */; };
		F7C3D42B1D6CEB1100C68F7E /* Barista.m in Sources */ = {isa = PBXBuildFile; fileRef = F7C3D42A1D6CEB1100C68F7E /* Barista.m */; };
/* End PBXBuildFile section */

/* Begin PBXCopyFilesBuildPhase section */
		F7C3D41A1D6CE72400C68F7E /* CopyFiles */ = {
			isa = PBXCopyFilesBuildPhase;
			buildActionMask = 2147483647;
			dstPath = /usr/share/man/man1/;
			dstSubfolderSpec = 0;
			files = (
			);
			runOnlyForDeploymentPostprocessing = 1;
		};
/* End PBXCopyFilesBuildPhase section */

/* Begin PBXFileReference section */
		F7C3D41C1D6CE72400C68F7E /* Coffee shop */ = {isa = PBXFileReference; explicitFileType = "compiled.mach-o.executable"; includeInIndex = 0; path = "Coffee shop"; sourceTree = BUILT_PRODUCTS_DIR; };
		F7C3D41F1D6CE72400C68F7E /* main.m */ = {isa = PBXFileReference; lastKnownFileType = sourcecode.c.objc; path = main.m; sourceTree = "<group>"; };
		F7C3D4261D6CE7E300C68F7E /* EspressoMachine.h */ = {isa = PBXFileReference; fileEncoding = 4; lastKnownFileType = sourcecode.c.h; name = EspressoMachine.h; path = ../EspressoMachine.h; sourceTree = "<group>"; };
		F7C3D4271D6CE7E300C68F7E /* EspressoMachine.m */ = {isa = PBXFileReference; fileEncoding = 4; lastKnownFileType = sourcecode.c.objc; name = EspressoMachine.m; path = ../EspressoMachine.m; sourceTree = "<group>"; };
		F7C3D4291D6CEB1100C68F7E /* Barista.h */ = {isa = PBXFileReference; fileEncoding = 4; lastKnownFileType = sourcecode.c.h; path = Barista.h; sourceTree = "<group>"; };
		F7C3D42A1D6CEB1100C68F7E /* Barista.m */ = {isa = PBXFileReference; fileEncoding = 4; lastKnownFileType = sourcecode.c.objc; path = Barista.m; sourceTree = "<group>"; };
/* End PBXFileReference section */

/* Begin PBXFrameworksBuildPhase section */
		F7C3D4191D6CE72400C68F7E /* Frameworks */ = {
			isa = PBXFrameworksBuildPhase;
			buildActionMask = 2147483647;
			files = (
			);
			runOnlyForDeploymentPostprocessing = 0;
		};
/* End PBXFrameworksBuildPhase section */

/* Begin PBXGroup section */
		F7C3D4131D6CE72400C68F7E = {
			isa = PBXGroup;
			children = (
				F7C3D41E1D6CE72400C68F7E /* Coffee shop */,
				F7C3D41D1D6CE72400C68F7E /* Products */,
			);
			sourceTree = "<group>";
		};
		F7C3D41D1D6CE72400C68F7E /* Products */ = {
			isa = PBXGroup;
			children = (
				F7C3D41C1D6CE72400C68F7E /* Coffee shop */,
			);
			name = Products;
			sourceTree = "<group>";
		};
		F7C3D41E1D6CE72400C68F7E /* Coffee shop */ = {
			isa = PBXGroup;
			children = (
				F7C3D4291D6CEB1100C68F7E /* Barista.h */,
				F7C3D42A1D6CEB1100C68F7E /* Barista.m */,
				F7C3D4261D6CE7E300C68F7E /* EspressoMachine.h */,
				F7C3D4271D6CE7E300C68F7E /* EspressoMachine.m */,
				F7C3D41F1D6CE72400C68F7E /* main.m */,
			);
			path = "Coffee shop";
			sourceTree = "<group>";
		};
/* End PBXGroup section */

/* Begin PBXNativeTarget section */
		F7C3D41B1D6CE72400C68F7E /* Coffee shop */ = {
			isa = PBXNativeTarget;
			buildConfigurationList = F7C3D4231D6CE72400C68F7E /* Build configuration list for PBXNativeTarget "Coffee shop" */;
			buildPhases = (
				F7C3D4181D6CE72400C68F7E /* Sources */,
				F7C3D4191D6CE72400C68F7E /* Frameworks */,
				F7C3D41A1D6CE72400C68F7E /* CopyFiles */,
			);
			buildRules = (
			);
			dependencies = (
			);
			name = "Coffee shop";
			productName = "Coffee shop";
			productReference = F7C3D41C1D6CE72400C68F7E /* Coffee shop */;
			productType = "com.apple.product-type.tool";
		};
/* End PBXNativeTarget section */

/* Begin PBXProject section */
		F7C3D4141D6CE72400C68F7E /* Project object */ = {
			isa = PBXProject;
			attributes = {
				LastUpgradeCheck = 0800;
				ORGANIZATIONNAME = "Dan Esrey";
				TargetAttributes = {
					F7C3D41B1D6CE72400C68F7E = {
						CreatedOnToolsVersion = 8.0;
						DevelopmentTeam = 6EFGV8H972;
						ProvisioningStyle = Automatic;
					};
				};
			};
			buildConfigurationList = F7C3D4171D6CE72400C68F7E /* Build configuration list for PBXProject "Coffee shop" */;
			compatibilityVersion = "Xcode 3.2";
			developmentRegion = English;
			hasScannedForEncodings = 0;
			knownRegions = (
				en,
			);
			mainGroup = F7C3D4131D6CE72400C68F7E;
			productRefGroup = F7C3D41D1D6CE72400C68F7E /* Products */;
			projectDirPath = "";
			projectRoot = "";
			targets = (
				F7C3D41B1D6CE72400C68F7E /* Coffee shop */,
			);
		};
/* End PBXProject section */

/* Begin PBXSourcesBuildPhase section */
		F7C3D4181D6CE72400C68F7E /* Sources */ = {
			isa = PBXSourcesBuildPhase;
			buildActionMask = 2147483647;
			files = (
				F7C3D4201D6CE72400C68F7E /* main.m in Sources */,
				F7C3D42B1D6CEB1100C68F7E /* Barista.m in Sources */,
				F7C3D4281D6CE7E300C68F7E /* EspressoMachine.m in Sources */,
			);
			runOnlyForDeploymentPostprocessing = 0;
		};
/* End PBXSourcesBuildPhase section */

/* Begin XCBuildConfiguration section */
		F7C3D4211D6CE72400C68F7E /* Debug */ = {
			isa = XCBuildConfiguration;
			buildSettings = {
				ALWAYS_SEARCH_USER_PATHS = NO;
				CLANG_ANALYZER_NONNULL = YES;
				CLANG_CXX_LANGUAGE_STANDARD = "gnu++0x";
				CLANG_CXX_LIBRARY = "libc++";
				CLANG_ENABLE_MODULES = YES;
				CLANG_ENABLE_OBJC_ARC = YES;
				CLANG_WARN_BOOL_CONVERSION = YES;
				CLANG_WARN_CONSTANT_CONVERSION = YES;
				CLANG_WARN_DIRECT_OBJC_ISA_USAGE = YES_ERROR;
				CLANG_WARN_DOCUMENTATION_COMMENTS = YES;
				CLANG_WARN_EMPTY_BODY = YES;
				CLANG_WARN_ENUM_CONVERSION = YES;
				CLANG_WARN_INFINITE_RECURSION = YES;
				CLANG_WARN_INT_CONVERSION = YES;
				CLANG_WARN_OBJC_ROOT_CLASS = YES_ERROR;
				CLANG_WARN_SUSPICIOUS_MOVES = YES;
				CLANG_WARN_UNREACHABLE_CODE = YES;
				CLANG_WARN__DUPLICATE_METHOD_MATCH = YES;
				CODE_SIGN_IDENTITY = "-";
				COPY_PHASE_STRIP = NO;
				DEBUG_INFORMATION_FORMAT = dwarf;
				ENABLE_STRICT_OBJC_MSGSEND = YES;
				ENABLE_TESTABILITY = YES;
				GCC_C_LANGUAGE_STANDARD = gnu99;
				GCC_DYNAMIC_NO_PIC = NO;
				GCC_NO_COMMON_BLOCKS = YES;
				GCC_OPTIMIZATION_LEVEL = 0;
				GCC_PREPROCESSOR_DEFINITIONS = (
					"DEBUG=1",
					"$(inherited)",
				);
				GCC_WARN_64_TO_32_BIT_CONVERSION = YES;
				GCC_WARN_ABOUT_RETURN_TYPE = YES_ERROR;
				GCC_WARN_UNDECLARED_SELECTOR = YES;
				GCC_WARN_UNINITIALIZED_AUTOS = YES_AGGRESSIVE;
				GCC_WARN_UNUSED_FUNCTION = YES;
				GCC_WARN_UNUSED_VARIABLE = YES;
				MACOSX_DEPLOYMENT_TARGET = 10.11;
				MTL_ENABLE_DEBUG_INFO = YES;
				ONLY_ACTIVE_ARCH = YES;
				SDKROOT = macosx;
			};
			name = Debug;
		};
		F7C3D4221D6CE72400C68F7E /* Release */ = {
			isa = XCBuildConfiguration;
			buildSettings = {
				ALWAYS_SEARCH_USER_PATHS = NO;
				CLANG_ANALYZER_NONNULL = YES;
				CLANG_CXX_LANGUAGE_STANDARD = "gnu++0x";
				CLANG_CXX_LIBRARY = "libc++";
				CLANG_ENABLE_MODULES = YES;
				CLANG_ENABLE_OBJC_ARC = YES;
				CLANG_WARN_BOOL_CONVERSION = YES;
				CLANG_WARN_CONSTANT_CONVERSION = YES;
				CLANG_WARN_DIRECT_OBJC_ISA_USAGE = YES_ERROR;
				CLANG_WARN_DOCUMENTATION_COMMENTS = YES;
				CLANG_WARN_EMPTY_BODY = YES;
				CLANG_WARN_ENUM_CONVERSION = YES;
				CLANG_WARN_INFINITE_RECURSION = YES;
				CLANG_WARN_INT_CONVERSION = YES;
				CLANG_WARN_OBJC_ROOT_CLASS = YES_ERROR;
				CLANG_WARN_SUSPICIOUS_MOVES = YES;
				CLANG_WARN_UNREACHABLE_CODE = YES;
				CLANG_WARN__DUPLICATE_METHOD_MATCH = YES;
				CODE_SIGN_IDENTITY = "-";
				COPY_PHASE_STRIP = NO;
				DEBUG_INFORMATION_FORMAT = "dwarf-with-dsym";
				ENABLE_NS_ASSERTIONS = NO;
				ENABLE_STRICT_OBJC_MSGSEND = YES;
				GCC_C_LANGUAGE_STANDARD = gnu99;
				GCC_NO_COMMON_BLOCKS = YES;
				GCC_WARN_64_TO_32_BIT_CONVERSION = YES;
				GCC_WARN_ABOUT_RETURN_TYPE = YES_ERROR;
				GCC_WARN_UNDECLARED_SELECTOR = YES;
				GCC_WARN_UNINITIALIZED_AUTOS = YES_AGGRESSIVE;
				GCC_WARN_UNUSED_FUNCTION = YES;
				GCC_WARN_UNUSED_VARIABLE = YES;
				MACOSX_DEPLOYMENT_TARGET = 10.11;
				MTL_ENABLE_DEBUG_INFO = NO;
				SDKROOT = macosx;
			};
			name = Release;
		};
		F7C3D4241D6CE72400C68F7E /* Debug */ = {
			isa = XCBuildConfiguration;
			buildSettings = {
				DEVELOPMENT_TEAM = 6EFGV8H972;
				PRODUCT_NAME = "$(TARGET_NAME)";
			};
			name = Debug;
		};
		F7C3D4251D6CE72400C68F7E /* Release */ = {
			isa = XCBuildConfiguration;
			buildSettings = {
				DEVELOPMENT_TEAM = 6EFGV8H972;
				PRODUCT_NAME = "$(TARGET_NAME)";
			};
			name = Release;
		};
/* End XCBuildConfiguration section */

/* Begin XCConfigurationList section */
		F7C3D4171D6CE72400C68F7E /* Build configuration list for PBXProject "Coffee shop" */ = {
			isa = XCConfigurationList;
			buildConfigurations = (
				F7C3D4211D6CE72400C68F7E /* Debug */,
				F7C3D4221D6CE72400C68F7E /* Release */,
			);
			defaultConfigurationIsVisible = 0;
			defaultConfigurationName = Release;
		};
		F7C3D4231D6CE72400C68F7E /* Build configuration list for PBXNativeTarget "Coffee shop" */ = {
			isa = XCConfigurationList;
			buildConfigurations = (
				F7C3D4241D6CE72400C68F7E /* Debug */,
				F7C3D4251D6CE72400C68F7E /* Release */,
			);
			defaultConfigurationIsVisible = 0;
		};
/* End XCConfigurationList section */
	};
	rootObject = F7C3D4141D6CE72400C68F7E /* Project object */;
}
